{
  "version": 4,
  "terraform_version": "1.0.6",
  "serial": 96,
  "lineage": "50f57b78-e1c4-0861-151d-ff002bf9082e",
  "outputs": {},
  "resources": [
    {
      "mode": "managed",
      "type": "azurerm_network_interface",
      "name": "development-netint2",
      "provider": "provider[\"registry.terraform.io/hashicorp/azurerm\"]",
      "instances": [
        {
          "schema_version": 0,
          "attributes": {
            "applied_dns_servers": [],
            "dns_servers": [],
            "enable_accelerated_networking": false,
            "enable_ip_forwarding": false,
            "id": "/subscriptions/e17bc6ae-b8cf-48fc-b275-f6d65aea3fb8/resourceGroups/cloud-rg-devenvironment/providers/Microsoft.Network/networkInterfaces/cloud-netint-eastus-dev2",
            "internal_dns_name_label": "",
            "internal_domain_name_suffix": "",
            "ip_configuration": [
              {
                "name": "ipconfig1",
                "primary": true,
                "private_ip_address": "192.168.2.4",
                "private_ip_address_allocation": "Dynamic",
                "private_ip_address_version": "IPv4",
                "public_ip_address_id": "/subscriptions/e17bc6ae-b8cf-48fc-b275-f6d65aea3fb8/resourceGroups/cloud-rg-devenvironment/providers/Microsoft.Network/publicIPAddresses/cloud-pubip-eastus-dev2",
                "subnet_id": "/subscriptions/e17bc6ae-b8cf-48fc-b275-f6d65aea3fb8/resourceGroups/cloud-rg-devenvironment/providers/Microsoft.Network/virtualNetworks/cloud-vnet-eastus-dev/subnets/cloud-subnet-eastus-dev"
              }
            ],
            "location": "eastus",
            "mac_address": "00-22-48-1D-AE-2D",
            "name": "cloud-netint-eastus-dev2",
            "private_ip_address": "192.168.2.4",
            "private_ip_addresses": [
              "192.168.2.4"
            ],
            "resource_group_name": "cloud-rg-devenvironment",
            "tags": {},
            "timeouts": null,
            "virtual_machine_id": "/subscriptions/e17bc6ae-b8cf-48fc-b275-f6d65aea3fb8/resourceGroups/cloud-rg-devenvironment/providers/Microsoft.Compute/virtualMachines/cloud-vm-eastus-vm2"
          },
          "sensitive_attributes": [],
          "private": "eyJlMmJmYjczMC1lY2FhLTExZTYtOGY4OC0zNDM2M2JjN2M0YzAiOnsiY3JlYXRlIjoxODAwMDAwMDAwMDAwLCJkZWxldGUiOjE4MDAwMDAwMDAwMDAsInJlYWQiOjMwMDAwMDAwMDAwMCwidXBkYXRlIjoxODAwMDAwMDAwMDAwfX0=",
          "dependencies": [
            "azurerm_public_ip.development-pupip2",
            "azurerm_resource_group.rg",
            "azurerm_subnet.development-subnet",
            "azurerm_virtual_network.development-vnet"
          ]
        }
      ]
    },
    {
      "mode": "managed",
      "type": "azurerm_public_ip",
      "name": "development-pupip2",
      "provider": "provider[\"registry.terraform.io/hashicorp/azurerm\"]",
      "instances": [
        {
          "schema_version": 0,
          "attributes": {
            "allocation_method": "Dynamic",
            "availability_zone": "No-Zone",
            "domain_name_label": null,
            "fqdn": null,
            "id": "/subscriptions/e17bc6ae-b8cf-48fc-b275-f6d65aea3fb8/resourceGroups/cloud-rg-devenvironment/providers/Microsoft.Network/publicIPAddresses/cloud-pubip-eastus-dev2",
            "idle_timeout_in_minutes": 4,
            "ip_address": "",
            "ip_tags": {},
            "ip_version": "IPv4",
            "location": "eastus",
            "name": "cloud-pubip-eastus-dev2",
            "public_ip_prefix_id": null,
            "resource_group_name": "cloud-rg-devenvironment",
            "reverse_fqdn": null,
            "sku": "Basic",
            "sku_tier": "Regional",
            "tags": {},
            "timeouts": null,
            "zones": []
          },
          "sensitive_attributes": [],
          "private": "eyJlMmJmYjczMC1lY2FhLTExZTYtOGY4OC0zNDM2M2JjN2M0YzAiOnsiY3JlYXRlIjoxODAwMDAwMDAwMDAwLCJkZWxldGUiOjE4MDAwMDAwMDAwMDAsInJlYWQiOjMwMDAwMDAwMDAwMCwidXBkYXRlIjoxODAwMDAwMDAwMDAwfX0=",
          "dependencies": [
            "azurerm_resource_group.rg"
          ]
        }
      ]
    },
    {
      "mode": "managed",
      "type": "azurerm_resource_group",
      "name": "rg",
      "provider": "provider[\"registry.terraform.io/hashicorp/azurerm\"]",
      "instances": [
        {
          "schema_version": 0,
          "attributes": {
            "id": "/subscriptions/e17bc6ae-b8cf-48fc-b275-f6d65aea3fb8/resourceGroups/cloud-rg-devenvironment",
            "location": "eastus",
            "name": "cloud-rg-devenvironment",
            "tags": {},
            "timeouts": null
          },
          "sensitive_attributes": [],
          "private": "eyJlMmJmYjczMC1lY2FhLTExZTYtOGY4OC0zNDM2M2JjN2M0YzAiOnsiY3JlYXRlIjo1NDAwMDAwMDAwMDAwLCJkZWxldGUiOjU0MDAwMDAwMDAwMDAsInJlYWQiOjMwMDAwMDAwMDAwMCwidXBkYXRlIjo1NDAwMDAwMDAwMDAwfX0="
        }
      ]
    },
    {
      "mode": "managed",
      "type": "azurerm_subnet",
      "name": "development-subnet",
      "provider": "provider[\"registry.terraform.io/hashicorp/azurerm\"]",
      "instances": [
        {
          "schema_version": 0,
          "attributes": {
            "address_prefix": "192.168.2.0/24",
            "address_prefixes": [
              "192.168.2.0/24"
            ],
            "delegation": [],
            "enforce_private_link_endpoint_network_policies": false,
            "enforce_private_link_service_network_policies": false,
            "id": "/subscriptions/e17bc6ae-b8cf-48fc-b275-f6d65aea3fb8/resourceGroups/cloud-rg-devenvironment/providers/Microsoft.Network/virtualNetworks/cloud-vnet-eastus-dev/subnets/cloud-subnet-eastus-dev",
            "name": "cloud-subnet-eastus-dev",
            "resource_group_name": "cloud-rg-devenvironment",
            "service_endpoint_policy_ids": [],
            "service_endpoints": [],
            "timeouts": null,
            "virtual_network_name": "cloud-vnet-eastus-dev"
          },
          "sensitive_attributes": [],
          "private": "eyJlMmJmYjczMC1lY2FhLTExZTYtOGY4OC0zNDM2M2JjN2M0YzAiOnsiY3JlYXRlIjoxODAwMDAwMDAwMDAwLCJkZWxldGUiOjE4MDAwMDAwMDAwMDAsInJlYWQiOjMwMDAwMDAwMDAwMCwidXBkYXRlIjoxODAwMDAwMDAwMDAwfX0=",
          "dependencies": [
            "azurerm_resource_group.rg",
            "azurerm_virtual_network.development-vnet"
          ]
        }
      ]
    },
    {
      "mode": "managed",
      "type": "azurerm_virtual_network",
      "name": "development-vnet",
      "provider": "provider[\"registry.terraform.io/hashicorp/azurerm\"]",
      "instances": [
        {
          "schema_version": 0,
          "attributes": {
            "address_space": [
              "192.168.0.0/16"
            ],
            "bgp_community": "",
            "ddos_protection_plan": [],
            "dns_servers": [],
            "guid": "f11bf03d-9e72-4f04-8e36-5ffb835df915",
            "id": "/subscriptions/e17bc6ae-b8cf-48fc-b275-f6d65aea3fb8/resourceGroups/cloud-rg-devenvironment/providers/Microsoft.Network/virtualNetworks/cloud-vnet-eastus-dev",
            "location": "eastus",
            "name": "cloud-vnet-eastus-dev",
            "resource_group_name": "cloud-rg-devenvironment",
            "subnet": [
              {
                "address_prefix": "192.168.2.0/24",
                "id": "/subscriptions/e17bc6ae-b8cf-48fc-b275-f6d65aea3fb8/resourceGroups/cloud-rg-devenvironment/providers/Microsoft.Network/virtualNetworks/cloud-vnet-eastus-dev/subnets/cloud-subnet-eastus-dev",
                "name": "cloud-subnet-eastus-dev",
                "security_group": ""
              }
            ],
            "tags": {},
            "timeouts": null,
            "vm_protection_enabled": false
          },
          "sensitive_attributes": [],
          "private": "eyJlMmJmYjczMC1lY2FhLTExZTYtOGY4OC0zNDM2M2JjN2M0YzAiOnsiY3JlYXRlIjoxODAwMDAwMDAwMDAwLCJkZWxldGUiOjE4MDAwMDAwMDAwMDAsInJlYWQiOjMwMDAwMDAwMDAwMCwidXBkYXRlIjoxODAwMDAwMDAwMDAwfX0=",
          "dependencies": [
            "azurerm_resource_group.rg"
          ]
        }
      ]
    }
  ]
}
